
Microsoft Visual Studio Solution File, Format Version 12.00
Project("{FAE04EC0-301F-11D3-BF4B-00C04F79EFBC}") = "Brony.DataAccess", "Brony.DataAccess\Brony.DataAccess.csproj", "{79E7475F-4314-4F2C-BE3B-5B76C378E289}"
EndProject
Project("{FAE04EC0-301F-11D3-BF4B-00C04F79EFBC}") = "Brony.Domain", "Brony.Domain\Brony.Domain.csproj", "{B8ABCD00-BDF0-424A-B721-F2B828B02397}"
EndProject
Project("{FAE04EC0-301F-11D3-BF4B-00C04F79EFBC}") = "Brony.Service", "Brony.Service\Brony.Service.csproj", "{3E39A357-4EEC-4E46-BF6B-6A7E64009BC3}"
EndProject
Project("{FAE04EC0-301F-11D3-BF4B-00C04F79EFBC}") = "Brony.TelegramBot", "Brony.TelegramBot\Brony.TelegramBot.csproj", "{2ABB7E0E-5A8D-4C6E-9660-EB1B5AC7F75B}"
EndProject
Global
	GlobalSection(SolutionConfigurationPlatforms) = preSolution
		Debug|Any CPU = Debug|Any CPU
		Release|Any CPU = Release|Any CPU
	EndGlobalSection
	GlobalSection(ProjectConfigurationPlatforms) = postSolution
		{79E7475F-4314-4F2C-BE3B-5B76C378E289}.Debug|Any CPU.ActiveCfg = Debug|Any CPU
		{79E7475F-4314-4F2C-BE3B-5B76C378E289}.Debug|Any CPU.Build.0 = Debug|Any CPU
		{79E7475F-4314-4F2C-BE3B-5B76C378E289}.Release|Any CPU.ActiveCfg = Release|Any CPU
		{79E7475F-4314-4F2C-BE3B-5B76C378E289}.Release|Any CPU.Build.0 = Release|Any CPU
		{B8ABCD00-BDF0-424A-B721-F2B828B02397}.Debug|Any CPU.ActiveCfg = Debug|Any CPU
		{B8ABCD00-BDF0-424A-B721-F2B828B02397}.Debug|Any CPU.Build.0 = Debug|Any CPU
		{B8ABCD00-BDF0-424A-B721-F2B828B02397}.Release|Any CPU.ActiveCfg = Release|Any CPU
		{B8ABCD00-BDF0-424A-B721-F2B828B02397}.Release|Any CPU.Build.0 = Release|Any CPU
		{3E39A357-4EEC-4E46-BF6B-6A7E64009BC3}.Debug|Any CPU.ActiveCfg = Debug|Any CPU
		{3E39A357-4EEC-4E46-BF6B-6A7E64009BC3}.Debug|Any CPU.Build.0 = Debug|Any CPU
		{3E39A357-4EEC-4E46-BF6B-6A7E64009BC3}.Release|Any CPU.ActiveCfg = Release|Any CPU
		{3E39A357-4EEC-4E46-BF6B-6A7E64009BC3}.Release|Any CPU.Build.0 = Release|Any CPU
		{2ABB7E0E-5A8D-4C6E-9660-EB1B5AC7F75B}.Debug|Any CPU.ActiveCfg = Debug|Any CPU
		{2ABB7E0E-5A8D-4C6E-9660-EB1B5AC7F75B}.Debug|Any CPU.Build.0 = Debug|Any CPU
		{2ABB7E0E-5A8D-4C6E-9660-EB1B5AC7F75B}.Release|Any CPU.ActiveCfg = Release|Any CPU
		{2ABB7E0E-5A8D-4C6E-9660-EB1B5AC7F75B}.Release|Any CPU.Build.0 = Release|Any CPU
	EndGlobalSection
EndGlobal
